Microsoft Visual Studio Solution File, Format Version 12.00
# Visual Studio 2013
Project("{2150E333-8FDC-42A3-9474-1A3956D46DE8}") = "CMake", "CMake", "{8C45CDC9-58A2-301C-A09B-34DB779F911F}"
EndProject
Project("{2150E333-8FDC-42A3-9474-1A3956D46DE8}") = "SFML", "SFML", "{E92D07A0-82F4-30EA-AA74-7557F50CBFA2}"
EndProject
Project("{8BC9CEB8-8B4A-11D0-8D11-00A0C91BC942}") = "ALL_BUILD", "ALL_BUILD.vcxproj", "{A04EEEAF-448E-3C3C-8742-BACCB5A98D47}"
	ProjectSection(ProjectDependencies) = postProject
		{ACEC3180-8E2F-3CD1-BD5F-B19B66895070} = {ACEC3180-8E2F-3CD1-BD5F-B19B66895070}
		{8A0A159A-8627-36E7-B4EB-A8EE26E57F9A} = {8A0A159A-8627-36E7-B4EB-A8EE26E57F9A}
		{A722E16A-AEB8-36A7-86AF-AAE6FBA838B1} = {A722E16A-AEB8-36A7-86AF-AAE6FBA838B1}
		{4F004D1F-3231-36EA-9F44-B1539EAFF1DF} = {4F004D1F-3231-36EA-9F44-B1539EAFF1DF}
		{D21D0095-2B07-3F4B-A90F-134D2B3C0B71} = {D21D0095-2B07-3F4B-A90F-134D2B3C0B71}
		{8EAE7B0E-6417-3738-8594-6E7E6EEDEBF1} = {8EAE7B0E-6417-3738-8594-6E7E6EEDEBF1}
		{772E00FA-8F1D-35F3-AA38-A9DDF2B62768} = {772E00FA-8F1D-35F3-AA38-A9DDF2B62768}
	EndProjectSection
EndProject
Project("{8BC9CEB8-8B4A-11D0-8D11-00A0C91BC942}") = "INSTALL", "INSTALL.vcxproj", "{7D81C0D7-AFD9-3C0A-A7F6-49F8745F294F}"
	ProjectSection(ProjectDependencies) = postProject
		{A04EEEAF-448E-3C3C-8742-BACCB5A98D47} = {A04EEEAF-448E-3C3C-8742-BACCB5A98D47}
		{ACEC3180-8E2F-3CD1-BD5F-B19B66895070} = {ACEC3180-8E2F-3CD1-BD5F-B19B66895070}
	EndProjectSection
EndProject
Project("{8BC9CEB8-8B4A-11D0-8D11-00A0C91BC942}") = "ZERO_CHECK", "ZERO_CHECK.vcxproj", "{ACEC3180-8E2F-3CD1-BD5F-B19B66895070}"
	ProjectSection(ProjectDependencies) = postProject
	EndProjectSection
EndProject
Project("{8BC9CEB8-8B4A-11D0-8D11-00A0C91BC942}") = "sfml-audio", "src\SFML\Audio\sfml-audio.vcxproj", "{8A0A159A-8627-36E7-B4EB-A8EE26E57F9A}"
	ProjectSection(ProjectDependencies) = postProject
		{ACEC3180-8E2F-3CD1-BD5F-B19B66895070} = {ACEC3180-8E2F-3CD1-BD5F-B19B66895070}
		{8EAE7B0E-6417-3738-8594-6E7E6EEDEBF1} = {8EAE7B0E-6417-3738-8594-6E7E6EEDEBF1}
	EndProjectSection
EndProject
Project("{8BC9CEB8-8B4A-11D0-8D11-00A0C91BC942}") = "sfml-graphics", "src\SFML\Graphics\sfml-graphics.vcxproj", "{A722E16A-AEB8-36A7-86AF-AAE6FBA838B1}"
	ProjectSection(ProjectDependencies) = postProject
		{ACEC3180-8E2F-3CD1-BD5F-B19B66895070} = {ACEC3180-8E2F-3CD1-BD5F-B19B66895070}
		{8EAE7B0E-6417-3738-8594-6E7E6EEDEBF1} = {8EAE7B0E-6417-3738-8594-6E7E6EEDEBF1}
		{772E00FA-8F1D-35F3-AA38-A9DDF2B62768} = {772E00FA-8F1D-35F3-AA38-A9DDF2B62768}
	EndProjectSection
EndProject
Project("{8BC9CEB8-8B4A-11D0-8D11-00A0C91BC942}") = "sfml-main", "src\SFML\Main\sfml-main.vcxproj", "{4F004D1F-3231-36EA-9F44-B1539EAFF1DF}"
	ProjectSection(ProjectDependencies) = postProject
		{ACEC3180-8E2F-3CD1-BD5F-B19B66895070} = {ACEC3180-8E2F-3CD1-BD5F-B19B66895070}
	EndProjectSection
EndProject
Project("{8BC9CEB8-8B4A-11D0-8D11-00A0C91BC942}") = "sfml-network", "src\SFML\Network\sfml-network.vcxproj", "{D21D0095-2B07-3F4B-A90F-134D2B3C0B71}"
	ProjectSection(ProjectDependencies) = postProject
		{ACEC3180-8E2F-3CD1-BD5F-B19B66895070} = {ACEC3180-8E2F-3CD1-BD5F-B19B66895070}
		{8EAE7B0E-6417-3738-8594-6E7E6EEDEBF1} = {8EAE7B0E-6417-3738-8594-6E7E6EEDEBF1}
	EndProjectSection
EndProject
Project("{8BC9CEB8-8B4A-11D0-8D11-00A0C91BC942}") = "sfml-system", "src\SFML\System\sfml-system.vcxproj", "{8EAE7B0E-6417-3738-8594-6E7E6EEDEBF1}"
	ProjectSection(ProjectDependencies) = postProject
		{ACEC3180-8E2F-3CD1-BD5F-B19B66895070} = {ACEC3180-8E2F-3CD1-BD5F-B19B66895070}
	EndProjectSection
EndProject
Project("{8BC9CEB8-8B4A-11D0-8D11-00A0C91BC942}") = "sfml-window", "src\SFML\Window\sfml-window.vcxproj", "{772E00FA-8F1D-35F3-AA38-A9DDF2B62768}"
	ProjectSection(ProjectDependencies) = postProject
		{ACEC3180-8E2F-3CD1-BD5F-B19B66895070} = {ACEC3180-8E2F-3CD1-BD5F-B19B66895070}
		{8EAE7B0E-6417-3738-8594-6E7E6EEDEBF1} = {8EAE7B0E-6417-3738-8594-6E7E6EEDEBF1}
	EndProjectSection
EndProject
Global
	GlobalSection(SolutionConfigurationPlatforms) = preSolution
		Debug|Win32 = Debug|Win32
		Release|Win32 = Release|Win32
		MinSizeRel|Win32 = MinSizeRel|Win32
		RelWithDebInfo|Win32 = RelWithDebInfo|Win32
	EndGlobalSection
	GlobalSection(ProjectConfigurationPlatforms) = postSolution
		{A04EEEAF-448E-3C3C-8742-BACCB5A98D47}.Debug|Win32.ActiveCfg = Debug|Win32
		{A04EEEAF-448E-3C3C-8742-BACCB5A98D47}.Debug|Win32.Build.0 = Debug|Win32
		{A04EEEAF-448E-3C3C-8742-BACCB5A98D47}.Release|Win32.ActiveCfg = Release|Win32
		{A04EEEAF-448E-3C3C-8742-BACCB5A98D47}.Release|Win32.Build.0 = Release|Win32
		{A04EEEAF-448E-3C3C-8742-BACCB5A98D47}.MinSizeRel|Win32.ActiveCfg = MinSizeRel|Win32
		{A04EEEAF-448E-3C3C-8742-BACCB5A98D47}.MinSizeRel|Win32.Build.0 = MinSizeRel|Win32
		{A04EEEAF-448E-3C3C-8742-BACCB5A98D47}.RelWithDebInfo|Win32.ActiveCfg = RelWithDebInfo|Win32
		{A04EEEAF-448E-3C3C-8742-BACCB5A98D47}.RelWithDebInfo|Win32.Build.0 = RelWithDebInfo|Win32
		{7D81C0D7-AFD9-3C0A-A7F6-49F8745F294F}.Debug|Win32.ActiveCfg = Debug|Win32
		{7D81C0D7-AFD9-3C0A-A7F6-49F8745F294F}.Release|Win32.ActiveCfg = Release|Win32
		{7D81C0D7-AFD9-3C0A-A7F6-49F8745F294F}.MinSizeRel|Win32.ActiveCfg = MinSizeRel|Win32
		{7D81C0D7-AFD9-3C0A-A7F6-49F8745F294F}.RelWithDebInfo|Win32.ActiveCfg = RelWithDebInfo|Win32
		{ACEC3180-8E2F-3CD1-BD5F-B19B66895070}.Debug|Win32.ActiveCfg = Debug|Win32
		{ACEC3180-8E2F-3CD1-BD5F-B19B66895070}.Debug|Win32.Build.0 = Debug|Win32
		{ACEC3180-8E2F-3CD1-BD5F-B19B66895070}.Release|Win32.ActiveCfg = Release|Win32
		{ACEC3180-8E2F-3CD1-BD5F-B19B66895070}.Release|Win32.Build.0 = Release|Win32
		{ACEC3180-8E2F-3CD1-BD5F-B19B66895070}.MinSizeRel|Win32.ActiveCfg = MinSizeRel|Win32
		{ACEC3180-8E2F-3CD1-BD5F-B19B66895070}.MinSizeRel|Win32.Build.0 = MinSizeRel|Win32
		{ACEC3180-8E2F-3CD1-BD5F-B19B66895070}.RelWithDebInfo|Win32.ActiveCfg = RelWithDebInfo|Win32
		{ACEC3180-8E2F-3CD1-BD5F-B19B66895070}.RelWithDebInfo|Win32.Build.0 = RelWithDebInfo|Win32
		{8A0A159A-8627-36E7-B4EB-A8EE26E57F9A}.Debug|Win32.ActiveCfg = Debug|Win32
		{8A0A159A-8627-36E7-B4EB-A8EE26E57F9A}.Debug|Win32.Build.0 = Debug|Win32
		{8A0A159A-8627-36E7-B4EB-A8EE26E57F9A}.Release|Win32.ActiveCfg = Release|Win32
		{8A0A159A-8627-36E7-B4EB-A8EE26E57F9A}.Release|Win32.Build.0 = Release|Win32
		{8A0A159A-8627-36E7-B4EB-A8EE26E57F9A}.MinSizeRel|Win32.ActiveCfg = MinSizeRel|Win32
		{8A0A159A-8627-36E7-B4EB-A8EE26E57F9A}.MinSizeRel|Win32.Build.0 = MinSizeRel|Win32
		{8A0A159A-8627-36E7-B4EB-A8EE26E57F9A}.RelWithDebInfo|Win32.ActiveCfg = RelWithDebInfo|Win32
		{8A0A159A-8627-36E7-B4EB-A8EE26E57F9A}.RelWithDebInfo|Win32.Build.0 = RelWithDebInfo|Win32
		{A722E16A-AEB8-36A7-86AF-AAE6FBA838B1}.Debug|Win32.ActiveCfg = Debug|Win32
		{A722E16A-AEB8-36A7-86AF-AAE6FBA838B1}.Debug|Win32.Build.0 = Debug|Win32
		{A722E16A-AEB8-36A7-86AF-AAE6FBA838B1}.Release|Win32.ActiveCfg = Release|Win32
		{A722E16A-AEB8-36A7-86AF-AAE6FBA838B1}.Release|Win32.Build.0 = Release|Win32
		{A722E16A-AEB8-36A7-86AF-AAE6FBA838B1}.MinSizeRel|Win32.ActiveCfg = MinSizeRel|Win32
		{A722E16A-AEB8-36A7-86AF-AAE6FBA838B1}.MinSizeRel|Win32.Build.0 = MinSizeRel|Win32
		{A722E16A-AEB8-36A7-86AF-AAE6FBA838B1}.RelWithDebInfo|Win32.ActiveCfg = RelWithDebInfo|Win32
		{A722E16A-AEB8-36A7-86AF-AAE6FBA838B1}.RelWithDebInfo|Win32.Build.0 = RelWithDebInfo|Win32
		{4F004D1F-3231-36EA-9F44-B1539EAFF1DF}.Debug|Win32.ActiveCfg = Debug|Win32
		{4F004D1F-3231-36EA-9F44-B1539EAFF1DF}.Debug|Win32.Build.0 = Debug|Win32
		{4F004D1F-3231-36EA-9F44-B1539EAFF1DF}.Release|Win32.ActiveCfg = Release|Win32
		{4F004D1F-3231-36EA-9F44-B1539EAFF1DF}.Release|Win32.Build.0 = Release|Win32
		{4F004D1F-3231-36EA-9F44-B1539EAFF1DF}.MinSizeRel|Win32.ActiveCfg = MinSizeRel|Win32
		{4F004D1F-3231-36EA-9F44-B1539EAFF1DF}.MinSizeRel|Win32.Build.0 = MinSizeRel|Win32
		{4F004D1F-3231-36EA-9F44-B1539EAFF1DF}.RelWithDebInfo|Win32.ActiveCfg = RelWithDebInfo|Win32
		{4F004D1F-3231-36EA-9F44-B1539EAFF1DF}.RelWithDebInfo|Win32.Build.0 = RelWithDebInfo|Win32
		{D21D0095-2B07-3F4B-A90F-134D2B3C0B71}.Debug|Win32.ActiveCfg = Debug|Win32
		{D21D0095-2B07-3F4B-A90F-134D2B3C0B71}.Debug|Win32.Build.0 = Debug|Win32
		{D21D0095-2B07-3F4B-A90F-134D2B3C0B71}.Release|Win32.ActiveCfg = Release|Win32
		{D21D0095-2B07-3F4B-A90F-134D2B3C0B71}.Release|Win32.Build.0 = Release|Win32
		{D21D0095-2B07-3F4B-A90F-134D2B3C0B71}.MinSizeRel|Win32.ActiveCfg = MinSizeRel|Win32
		{D21D0095-2B07-3F4B-A90F-134D2B3C0B71}.MinSizeRel|Win32.Build.0 = MinSizeRel|Win32
		{D21D0095-2B07-3F4B-A90F-134D2B3C0B71}.RelWithDebInfo|Win32.ActiveCfg = RelWithDebInfo|Win32
		{D21D0095-2B07-3F4B-A90F-134D2B3C0B71}.RelWithDebInfo|Win32.Build.0 = RelWithDebInfo|Win32
		{8EAE7B0E-6417-3738-8594-6E7E6EEDEBF1}.Debug|Win32.ActiveCfg = Debug|Win32
		{8EAE7B0E-6417-3738-8594-6E7E6EEDEBF1}.Debug|Win32.Build.0 = Debug|Win32
		{8EAE7B0E-6417-3738-8594-6E7E6EEDEBF1}.Release|Win32.ActiveCfg = Release|Win32
		{8EAE7B0E-6417-3738-8594-6E7E6EEDEBF1}.Release|Win32.Build.0 = Release|Win32
		{8EAE7B0E-6417-3738-8594-6E7E6EEDEBF1}.MinSizeRel|Win32.ActiveCfg = MinSizeRel|Win32
		{8EAE7B0E-6417-3738-8594-6E7E6EEDEBF1}.MinSizeRel|Win32.Build.0 = MinSizeRel|Win32
		{8EAE7B0E-6417-3738-8594-6E7E6EEDEBF1}.RelWithDebInfo|Win32.ActiveCfg = RelWithDebInfo|Win32
		{8EAE7B0E-6417-3738-8594-6E7E6EEDEBF1}.RelWithDebInfo|Win32.Build.0 = RelWithDebInfo|Win32
		{772E00FA-8F1D-35F3-AA38-A9DDF2B62768}.Debug|Win32.ActiveCfg = Debug|Win32
		{772E00FA-8F1D-35F3-AA38-A9DDF2B62768}.Debug|Win32.Build.0 = Debug|Win32
		{772E00FA-8F1D-35F3-AA38-A9DDF2B62768}.Release|Win32.ActiveCfg = Release|Win32
		{772E00FA-8F1D-35F3-AA38-A9DDF2B62768}.Release|Win32.Build.0 = Release|Win32
		{772E00FA-8F1D-35F3-AA38-A9DDF2B62768}.MinSizeRel|Win32.ActiveCfg = MinSizeRel|Win32
		{772E00FA-8F1D-35F3-AA38-A9DDF2B62768}.MinSizeRel|Win32.Build.0 = MinSizeRel|Win32
		{772E00FA-8F1D-35F3-AA38-A9DDF2B62768}.RelWithDebInfo|Win32.ActiveCfg = RelWithDebInfo|Win32
		{772E00FA-8F1D-35F3-AA38-A9DDF2B62768}.RelWithDebInfo|Win32.Build.0 = RelWithDebInfo|Win32
	EndGlobalSection
	GlobalSection(NestedProjects) = preSolution
		{A04EEEAF-448E-3C3C-8742-BACCB5A98D47} = {8C45CDC9-58A2-301C-A09B-34DB779F911F}
		{7D81C0D7-AFD9-3C0A-A7F6-49F8745F294F} = {8C45CDC9-58A2-301C-A09B-34DB779F911F}
		{ACEC3180-8E2F-3CD1-BD5F-B19B66895070} = {8C45CDC9-58A2-301C-A09B-34DB779F911F}
		{8A0A159A-8627-36E7-B4EB-A8EE26E57F9A} = {E92D07A0-82F4-30EA-AA74-7557F50CBFA2}
		{A722E16A-AEB8-36A7-86AF-AAE6FBA838B1} = {E92D07A0-82F4-30EA-AA74-7557F50CBFA2}
		{4F004D1F-3231-36EA-9F44-B1539EAFF1DF} = {E92D07A0-82F4-30EA-AA74-7557F50CBFA2}
		{D21D0095-2B07-3F4B-A90F-134D2B3C0B71} = {E92D07A0-82F4-30EA-AA74-7557F50CBFA2}
		{8EAE7B0E-6417-3738-8594-6E7E6EEDEBF1} = {E92D07A0-82F4-30EA-AA74-7557F50CBFA2}
		{772E00FA-8F1D-35F3-AA38-A9DDF2B62768} = {E92D07A0-82F4-30EA-AA74-7557F50CBFA2}
	EndGlobalSection
	GlobalSection(ExtensibilityGlobals) = postSolution
	EndGlobalSection
	GlobalSection(ExtensibilityAddIns) = postSolution
	EndGlobalSection
EndGlobal
