
Microsoft Visual Studio Solution File, Format Version 12.00
# Visual Studio 2013
VisualStudioVersion = 12.0.40629.0
MinimumVisualStudioVersion = 10.0.40219.1
Project("{8BC9CEB8-8B4A-11D0-8D11-00A0C91BC942}") = "StbxEngine", "StbxEngine\StbxEngine.vcxproj", "{0FA24937-8413-47E2-9B5E-6BBCA14C7EB9}"
EndProject
Project("{8BC9CEB8-8B4A-11D0-8D11-00A0C91BC942}") = "Test", "Test\Test.vcxproj", "{F6B1540F-5A67-4862-9E9E-98BB0E869804}"
	ProjectSection(ProjectDependencies) = postProject
		{0FA24937-8413-47E2-9B5E-6BBCA14C7EB9} = {0FA24937-8413-47E2-9B5E-6BBCA14C7EB9}
	EndProjectSection
EndProject
Global
	GlobalSection(SolutionConfigurationPlatforms) = preSolution
		Debug|Win32 = Debug|Win32
		Debug|x64 = Debug|x64
		Dynamic Debug|Win32 = Dynamic Debug|Win32
		Dynamic Debug|x64 = Dynamic Debug|x64
		Release|Win32 = Release|Win32
		Release|x64 = Release|x64
	EndGlobalSection
	GlobalSection(ProjectConfigurationPlatforms) = postSolution
		{0FA24937-8413-47E2-9B5E-6BBCA14C7EB9}.Debug|Win32.ActiveCfg = Dynamic Debug|Win32
		{0FA24937-8413-47E2-9B5E-6BBCA14C7EB9}.Debug|Win32.Build.0 = Dynamic Debug|Win32
		{0FA24937-8413-47E2-9B5E-6BBCA14C7EB9}.Debug|x64.ActiveCfg = Dynamic Debug|Win32
		{0FA24937-8413-47E2-9B5E-6BBCA14C7EB9}.Dynamic Debug|Win32.ActiveCfg = Dynamic Debug|Win32
		{0FA24937-8413-47E2-9B5E-6BBCA14C7EB9}.Dynamic Debug|Win32.Build.0 = Dynamic Debug|Win32
		{0FA24937-8413-47E2-9B5E-6BBCA14C7EB9}.Dynamic Debug|x64.ActiveCfg = Dynamic Debug|Win32
		{0FA24937-8413-47E2-9B5E-6BBCA14C7EB9}.Dynamic Debug|x64.Build.0 = Dynamic Debug|Win32
		{0FA24937-8413-47E2-9B5E-6BBCA14C7EB9}.Release|Win32.ActiveCfg = Dynamic Debug|Win32
		{0FA24937-8413-47E2-9B5E-6BBCA14C7EB9}.Release|Win32.Build.0 = Dynamic Debug|Win32
		{0FA24937-8413-47E2-9B5E-6BBCA14C7EB9}.Release|x64.ActiveCfg = Dynamic Debug|Win32
		{F6B1540F-5A67-4862-9E9E-98BB0E869804}.Debug|Win32.ActiveCfg = Debug|Win32
		{F6B1540F-5A67-4862-9E9E-98BB0E869804}.Debug|Win32.Build.0 = Debug|Win32
		{F6B1540F-5A67-4862-9E9E-98BB0E869804}.Debug|x64.ActiveCfg = Debug|Win32
		{F6B1540F-5A67-4862-9E9E-98BB0E869804}.Dynamic Debug|Win32.ActiveCfg = Debug|Win32
		{F6B1540F-5A67-4862-9E9E-98BB0E869804}.Dynamic Debug|Win32.Build.0 = Debug|Win32
		{F6B1540F-5A67-4862-9E9E-98BB0E869804}.Dynamic Debug|x64.ActiveCfg = Debug|Win32
		{F6B1540F-5A67-4862-9E9E-98BB0E869804}.Release|Win32.ActiveCfg = Release|Win32
		{F6B1540F-5A67-4862-9E9E-98BB0E869804}.Release|Win32.Build.0 = Release|Win32
		{F6B1540F-5A67-4862-9E9E-98BB0E869804}.Release|x64.ActiveCfg = Release|Win32
	EndGlobalSection
	GlobalSection(SolutionProperties) = preSolution
		HideSolutionNode = FALSE
	EndGlobalSection
EndGlobal
