Microsoft Visual Studio Solution File, Format Version 12.00
# Visual Studio 2013
Project("{2150E333-8FDC-42A3-9474-1A3956D46DE8}") = "CMake", "CMake", "{88715133-43B0-3968-9715-8B22B230DEBF}"
EndProject
Project("{2150E333-8FDC-42A3-9474-1A3956D46DE8}") = "SFML", "SFML", "{C7CB0572-F37D-33E6-8BE9-3EFCC1D05710}"
EndProject
Project("{8BC9CEB8-8B4A-11D0-8D11-00A0C91BC942}") = "ALL_BUILD", "ALL_BUILD.vcxproj", "{89AA76CE-163F-3876-9DBE-E76E741B8621}"
	ProjectSection(ProjectDependencies) = postProject
		{CDEA62A7-F1AB-3561-BA1A-E6B60F448D51} = {CDEA62A7-F1AB-3561-BA1A-E6B60F448D51}
		{67907B74-E711-31EE-8E10-A7225EFC6DCF} = {67907B74-E711-31EE-8E10-A7225EFC6DCF}
		{4D875D52-AAB6-3730-94AC-57066ECE3E53} = {4D875D52-AAB6-3730-94AC-57066ECE3E53}
		{34B6BB07-1B89-382E-86EE-3D23BABE98C1} = {34B6BB07-1B89-382E-86EE-3D23BABE98C1}
		{DC3E56FE-75B5-3421-A80D-BE9387E05E1E} = {DC3E56FE-75B5-3421-A80D-BE9387E05E1E}
		{93AC509E-4BAE-3E75-B87D-A542693C82C5} = {93AC509E-4BAE-3E75-B87D-A542693C82C5}
		{D4773D74-721E-37F9-AB00-2A884F025C24} = {D4773D74-721E-37F9-AB00-2A884F025C24}
	EndProjectSection
EndProject
Project("{8BC9CEB8-8B4A-11D0-8D11-00A0C91BC942}") = "INSTALL", "INSTALL.vcxproj", "{37602902-6A55-3EA7-85E9-E026F9F66EB7}"
	ProjectSection(ProjectDependencies) = postProject
		{89AA76CE-163F-3876-9DBE-E76E741B8621} = {89AA76CE-163F-3876-9DBE-E76E741B8621}
		{CDEA62A7-F1AB-3561-BA1A-E6B60F448D51} = {CDEA62A7-F1AB-3561-BA1A-E6B60F448D51}
	EndProjectSection
EndProject
Project("{8BC9CEB8-8B4A-11D0-8D11-00A0C91BC942}") = "ZERO_CHECK", "ZERO_CHECK.vcxproj", "{CDEA62A7-F1AB-3561-BA1A-E6B60F448D51}"
	ProjectSection(ProjectDependencies) = postProject
	EndProjectSection
EndProject
Project("{8BC9CEB8-8B4A-11D0-8D11-00A0C91BC942}") = "sfml-audio", "src\SFML\Audio\sfml-audio.vcxproj", "{67907B74-E711-31EE-8E10-A7225EFC6DCF}"
	ProjectSection(ProjectDependencies) = postProject
		{CDEA62A7-F1AB-3561-BA1A-E6B60F448D51} = {CDEA62A7-F1AB-3561-BA1A-E6B60F448D51}
		{93AC509E-4BAE-3E75-B87D-A542693C82C5} = {93AC509E-4BAE-3E75-B87D-A542693C82C5}
	EndProjectSection
EndProject
Project("{8BC9CEB8-8B4A-11D0-8D11-00A0C91BC942}") = "sfml-graphics", "src\SFML\Graphics\sfml-graphics.vcxproj", "{4D875D52-AAB6-3730-94AC-57066ECE3E53}"
	ProjectSection(ProjectDependencies) = postProject
		{CDEA62A7-F1AB-3561-BA1A-E6B60F448D51} = {CDEA62A7-F1AB-3561-BA1A-E6B60F448D51}
		{93AC509E-4BAE-3E75-B87D-A542693C82C5} = {93AC509E-4BAE-3E75-B87D-A542693C82C5}
		{D4773D74-721E-37F9-AB00-2A884F025C24} = {D4773D74-721E-37F9-AB00-2A884F025C24}
	EndProjectSection
EndProject
Project("{8BC9CEB8-8B4A-11D0-8D11-00A0C91BC942}") = "sfml-main", "src\SFML\Main\sfml-main.vcxproj", "{34B6BB07-1B89-382E-86EE-3D23BABE98C1}"
	ProjectSection(ProjectDependencies) = postProject
		{CDEA62A7-F1AB-3561-BA1A-E6B60F448D51} = {CDEA62A7-F1AB-3561-BA1A-E6B60F448D51}
	EndProjectSection
EndProject
Project("{8BC9CEB8-8B4A-11D0-8D11-00A0C91BC942}") = "sfml-network", "src\SFML\Network\sfml-network.vcxproj", "{DC3E56FE-75B5-3421-A80D-BE9387E05E1E}"
	ProjectSection(ProjectDependencies) = postProject
		{CDEA62A7-F1AB-3561-BA1A-E6B60F448D51} = {CDEA62A7-F1AB-3561-BA1A-E6B60F448D51}
		{93AC509E-4BAE-3E75-B87D-A542693C82C5} = {93AC509E-4BAE-3E75-B87D-A542693C82C5}
	EndProjectSection
EndProject
Project("{8BC9CEB8-8B4A-11D0-8D11-00A0C91BC942}") = "sfml-system", "src\SFML\System\sfml-system.vcxproj", "{93AC509E-4BAE-3E75-B87D-A542693C82C5}"
	ProjectSection(ProjectDependencies) = postProject
		{CDEA62A7-F1AB-3561-BA1A-E6B60F448D51} = {CDEA62A7-F1AB-3561-BA1A-E6B60F448D51}
	EndProjectSection
EndProject
Project("{8BC9CEB8-8B4A-11D0-8D11-00A0C91BC942}") = "sfml-window", "src\SFML\Window\sfml-window.vcxproj", "{D4773D74-721E-37F9-AB00-2A884F025C24}"
	ProjectSection(ProjectDependencies) = postProject
		{CDEA62A7-F1AB-3561-BA1A-E6B60F448D51} = {CDEA62A7-F1AB-3561-BA1A-E6B60F448D51}
		{93AC509E-4BAE-3E75-B87D-A542693C82C5} = {93AC509E-4BAE-3E75-B87D-A542693C82C5}
	EndProjectSection
EndProject
Global
	GlobalSection(SolutionConfigurationPlatforms) = preSolution
		Debug|Win32 = Debug|Win32
		Release|Win32 = Release|Win32
		MinSizeRel|Win32 = MinSizeRel|Win32
		RelWithDebInfo|Win32 = RelWithDebInfo|Win32
	EndGlobalSection
	GlobalSection(ProjectConfigurationPlatforms) = postSolution
		{89AA76CE-163F-3876-9DBE-E76E741B8621}.Debug|Win32.ActiveCfg = Debug|Win32
		{89AA76CE-163F-3876-9DBE-E76E741B8621}.Debug|Win32.Build.0 = Debug|Win32
		{89AA76CE-163F-3876-9DBE-E76E741B8621}.Release|Win32.ActiveCfg = Release|Win32
		{89AA76CE-163F-3876-9DBE-E76E741B8621}.Release|Win32.Build.0 = Release|Win32
		{89AA76CE-163F-3876-9DBE-E76E741B8621}.MinSizeRel|Win32.ActiveCfg = MinSizeRel|Win32
		{89AA76CE-163F-3876-9DBE-E76E741B8621}.MinSizeRel|Win32.Build.0 = MinSizeRel|Win32
		{89AA76CE-163F-3876-9DBE-E76E741B8621}.RelWithDebInfo|Win32.ActiveCfg = RelWithDebInfo|Win32
		{89AA76CE-163F-3876-9DBE-E76E741B8621}.RelWithDebInfo|Win32.Build.0 = RelWithDebInfo|Win32
		{37602902-6A55-3EA7-85E9-E026F9F66EB7}.Debug|Win32.ActiveCfg = Debug|Win32
		{37602902-6A55-3EA7-85E9-E026F9F66EB7}.Release|Win32.ActiveCfg = Release|Win32
		{37602902-6A55-3EA7-85E9-E026F9F66EB7}.MinSizeRel|Win32.ActiveCfg = MinSizeRel|Win32
		{37602902-6A55-3EA7-85E9-E026F9F66EB7}.RelWithDebInfo|Win32.ActiveCfg = RelWithDebInfo|Win32
		{CDEA62A7-F1AB-3561-BA1A-E6B60F448D51}.Debug|Win32.ActiveCfg = Debug|Win32
		{CDEA62A7-F1AB-3561-BA1A-E6B60F448D51}.Debug|Win32.Build.0 = Debug|Win32
		{CDEA62A7-F1AB-3561-BA1A-E6B60F448D51}.Release|Win32.ActiveCfg = Release|Win32
		{CDEA62A7-F1AB-3561-BA1A-E6B60F448D51}.Release|Win32.Build.0 = Release|Win32
		{CDEA62A7-F1AB-3561-BA1A-E6B60F448D51}.MinSizeRel|Win32.ActiveCfg = MinSizeRel|Win32
		{CDEA62A7-F1AB-3561-BA1A-E6B60F448D51}.MinSizeRel|Win32.Build.0 = MinSizeRel|Win32
		{CDEA62A7-F1AB-3561-BA1A-E6B60F448D51}.RelWithDebInfo|Win32.ActiveCfg = RelWithDebInfo|Win32
		{CDEA62A7-F1AB-3561-BA1A-E6B60F448D51}.RelWithDebInfo|Win32.Build.0 = RelWithDebInfo|Win32
		{67907B74-E711-31EE-8E10-A7225EFC6DCF}.Debug|Win32.ActiveCfg = Debug|Win32
		{67907B74-E711-31EE-8E10-A7225EFC6DCF}.Debug|Win32.Build.0 = Debug|Win32
		{67907B74-E711-31EE-8E10-A7225EFC6DCF}.Release|Win32.ActiveCfg = Release|Win32
		{67907B74-E711-31EE-8E10-A7225EFC6DCF}.Release|Win32.Build.0 = Release|Win32
		{67907B74-E711-31EE-8E10-A7225EFC6DCF}.MinSizeRel|Win32.ActiveCfg = MinSizeRel|Win32
		{67907B74-E711-31EE-8E10-A7225EFC6DCF}.MinSizeRel|Win32.Build.0 = MinSizeRel|Win32
		{67907B74-E711-31EE-8E10-A7225EFC6DCF}.RelWithDebInfo|Win32.ActiveCfg = RelWithDebInfo|Win32
		{67907B74-E711-31EE-8E10-A7225EFC6DCF}.RelWithDebInfo|Win32.Build.0 = RelWithDebInfo|Win32
		{4D875D52-AAB6-3730-94AC-57066ECE3E53}.Debug|Win32.ActiveCfg = Debug|Win32
		{4D875D52-AAB6-3730-94AC-57066ECE3E53}.Debug|Win32.Build.0 = Debug|Win32
		{4D875D52-AAB6-3730-94AC-57066ECE3E53}.Release|Win32.ActiveCfg = Release|Win32
		{4D875D52-AAB6-3730-94AC-57066ECE3E53}.Release|Win32.Build.0 = Release|Win32
		{4D875D52-AAB6-3730-94AC-57066ECE3E53}.MinSizeRel|Win32.ActiveCfg = MinSizeRel|Win32
		{4D875D52-AAB6-3730-94AC-57066ECE3E53}.MinSizeRel|Win32.Build.0 = MinSizeRel|Win32
		{4D875D52-AAB6-3730-94AC-57066ECE3E53}.RelWithDebInfo|Win32.ActiveCfg = RelWithDebInfo|Win32
		{4D875D52-AAB6-3730-94AC-57066ECE3E53}.RelWithDebInfo|Win32.Build.0 = RelWithDebInfo|Win32
		{34B6BB07-1B89-382E-86EE-3D23BABE98C1}.Debug|Win32.ActiveCfg = Debug|Win32
		{34B6BB07-1B89-382E-86EE-3D23BABE98C1}.Debug|Win32.Build.0 = Debug|Win32
		{34B6BB07-1B89-382E-86EE-3D23BABE98C1}.Release|Win32.ActiveCfg = Release|Win32
		{34B6BB07-1B89-382E-86EE-3D23BABE98C1}.Release|Win32.Build.0 = Release|Win32
		{34B6BB07-1B89-382E-86EE-3D23BABE98C1}.MinSizeRel|Win32.ActiveCfg = MinSizeRel|Win32
		{34B6BB07-1B89-382E-86EE-3D23BABE98C1}.MinSizeRel|Win32.Build.0 = MinSizeRel|Win32
		{34B6BB07-1B89-382E-86EE-3D23BABE98C1}.RelWithDebInfo|Win32.ActiveCfg = RelWithDebInfo|Win32
		{34B6BB07-1B89-382E-86EE-3D23BABE98C1}.RelWithDebInfo|Win32.Build.0 = RelWithDebInfo|Win32
		{DC3E56FE-75B5-3421-A80D-BE9387E05E1E}.Debug|Win32.ActiveCfg = Debug|Win32
		{DC3E56FE-75B5-3421-A80D-BE9387E05E1E}.Debug|Win32.Build.0 = Debug|Win32
		{DC3E56FE-75B5-3421-A80D-BE9387E05E1E}.Release|Win32.ActiveCfg = Release|Win32
		{DC3E56FE-75B5-3421-A80D-BE9387E05E1E}.Release|Win32.Build.0 = Release|Win32
		{DC3E56FE-75B5-3421-A80D-BE9387E05E1E}.MinSizeRel|Win32.ActiveCfg = MinSizeRel|Win32
		{DC3E56FE-75B5-3421-A80D-BE9387E05E1E}.MinSizeRel|Win32.Build.0 = MinSizeRel|Win32
		{DC3E56FE-75B5-3421-A80D-BE9387E05E1E}.RelWithDebInfo|Win32.ActiveCfg = RelWithDebInfo|Win32
		{DC3E56FE-75B5-3421-A80D-BE9387E05E1E}.RelWithDebInfo|Win32.Build.0 = RelWithDebInfo|Win32
		{93AC509E-4BAE-3E75-B87D-A542693C82C5}.Debug|Win32.ActiveCfg = Debug|Win32
		{93AC509E-4BAE-3E75-B87D-A542693C82C5}.Debug|Win32.Build.0 = Debug|Win32
		{93AC509E-4BAE-3E75-B87D-A542693C82C5}.Release|Win32.ActiveCfg = Release|Win32
		{93AC509E-4BAE-3E75-B87D-A542693C82C5}.Release|Win32.Build.0 = Release|Win32
		{93AC509E-4BAE-3E75-B87D-A542693C82C5}.MinSizeRel|Win32.ActiveCfg = MinSizeRel|Win32
		{93AC509E-4BAE-3E75-B87D-A542693C82C5}.MinSizeRel|Win32.Build.0 = MinSizeRel|Win32
		{93AC509E-4BAE-3E75-B87D-A542693C82C5}.RelWithDebInfo|Win32.ActiveCfg = RelWithDebInfo|Win32
		{93AC509E-4BAE-3E75-B87D-A542693C82C5}.RelWithDebInfo|Win32.Build.0 = RelWithDebInfo|Win32
		{D4773D74-721E-37F9-AB00-2A884F025C24}.Debug|Win32.ActiveCfg = Debug|Win32
		{D4773D74-721E-37F9-AB00-2A884F025C24}.Debug|Win32.Build.0 = Debug|Win32
		{D4773D74-721E-37F9-AB00-2A884F025C24}.Release|Win32.ActiveCfg = Release|Win32
		{D4773D74-721E-37F9-AB00-2A884F025C24}.Release|Win32.Build.0 = Release|Win32
		{D4773D74-721E-37F9-AB00-2A884F025C24}.MinSizeRel|Win32.ActiveCfg = MinSizeRel|Win32
		{D4773D74-721E-37F9-AB00-2A884F025C24}.MinSizeRel|Win32.Build.0 = MinSizeRel|Win32
		{D4773D74-721E-37F9-AB00-2A884F025C24}.RelWithDebInfo|Win32.ActiveCfg = RelWithDebInfo|Win32
		{D4773D74-721E-37F9-AB00-2A884F025C24}.RelWithDebInfo|Win32.Build.0 = RelWithDebInfo|Win32
	EndGlobalSection
	GlobalSection(NestedProjects) = preSolution
		{89AA76CE-163F-3876-9DBE-E76E741B8621} = {88715133-43B0-3968-9715-8B22B230DEBF}
		{37602902-6A55-3EA7-85E9-E026F9F66EB7} = {88715133-43B0-3968-9715-8B22B230DEBF}
		{CDEA62A7-F1AB-3561-BA1A-E6B60F448D51} = {88715133-43B0-3968-9715-8B22B230DEBF}
		{67907B74-E711-31EE-8E10-A7225EFC6DCF} = {C7CB0572-F37D-33E6-8BE9-3EFCC1D05710}
		{4D875D52-AAB6-3730-94AC-57066ECE3E53} = {C7CB0572-F37D-33E6-8BE9-3EFCC1D05710}
		{34B6BB07-1B89-382E-86EE-3D23BABE98C1} = {C7CB0572-F37D-33E6-8BE9-3EFCC1D05710}
		{DC3E56FE-75B5-3421-A80D-BE9387E05E1E} = {C7CB0572-F37D-33E6-8BE9-3EFCC1D05710}
		{93AC509E-4BAE-3E75-B87D-A542693C82C5} = {C7CB0572-F37D-33E6-8BE9-3EFCC1D05710}
		{D4773D74-721E-37F9-AB00-2A884F025C24} = {C7CB0572-F37D-33E6-8BE9-3EFCC1D05710}
	EndGlobalSection
	GlobalSection(ExtensibilityGlobals) = postSolution
	EndGlobalSection
	GlobalSection(ExtensibilityAddIns) = postSolution
	EndGlobalSection
EndGlobal
